// !$*UTF8*$!
{
	archiveVersion = 1;
	classes = {
	};
	objectVersion = 50;
	objects = {

/* Begin PBXBuildFile section */
		7D0082F52188D9A200FE87AD /* AppIcon29x29@2x.png in Resources */ = {isa = PBXBuildFile; fileRef = 7D0082F42188D9A200FE87AD /* AppIcon29x29@2x.png */; };
		7DFD41A22187CD2B00520BF5 /* DataModel.xcdatamodeld in Sources */ = {isa = PBXBuildFile; fileRef = 7DFD41A02187CD2B00520BF5 /* DataModel.xcdatamodeld */; };
		7DFE656F2189C5930020FE08 /* CategoryViewController.swift in Sources */ = {isa = PBXBuildFile; fileRef = 7DFE656E2189C5930020FE08 /* CategoryViewController.swift */; };
		7DFF6A482185FCDE0018B0E5 /* AppDelegate.swift in Sources */ = {isa = PBXBuildFile; fileRef = 7DFF6A472185FCDE0018B0E5 /* AppDelegate.swift */; };
		7DFF6A4A2185FCDE0018B0E5 /* TodoListViewController.swift in Sources */ = {isa = PBXBuildFile; fileRef = 7DFF6A492185FCDE0018B0E5 /* TodoListViewController.swift */; };
		7DFF6A4D2185FCDE0018B0E5 /* Main.storyboard in Resources */ = {isa = PBXBuildFile; fileRef = 7DFF6A4B2185FCDE0018B0E5 /* Main.storyboard */; };
		7DFF6A4F2185FCE00018B0E5 /* Assets.xcassets in Resources */ = {isa = PBXBuildFile; fileRef = 7DFF6A4E2185FCE00018B0E5 /* Assets.xcassets */; };
		7DFF6A522185FCE00018B0E5 /* LaunchScreen.storyboard in Resources */ = {isa = PBXBuildFile; fileRef = 7DFF6A502185FCE00018B0E5 /* LaunchScreen.storyboard */; };
/* End PBXBuildFile section */

/* Begin PBXFileReference section */
		7D0082F42188D9A200FE87AD /* AppIcon29x29@2x.png */ = {isa = PBXFileReference; lastKnownFileType = image.png; path = "AppIcon29x29@2x.png"; sourceTree = "<group>"; };
		7DFD41A12187CD2B00520BF5 /* DataModel.xcdatamodel */ = {isa = PBXFileReference; lastKnownFileType = wrapper.xcdatamodel; path = DataModel.xcdatamodel; sourceTree = "<group>"; };
		7DFE656E2189C5930020FE08 /* CategoryViewController.swift */ = {isa = PBXFileReference; lastKnownFileType = sourcecode.swift; path = CategoryViewController.swift; sourceTree = "<group>"; };
		7DFF6A442185FCDE0018B0E5 /* ToDoey.app */ = {isa = PBXFileReference; explicitFileType = wrapper.application; includeInIndex = 0; path = ToDoey.app; sourceTree = BUILT_PRODUCTS_DIR; };
		7DFF6A472185FCDE0018B0E5 /* AppDelegate.swift */ = {isa = PBXFileReference; lastKnownFileType = sourcecode.swift; path = AppDelegate.swift; sourceTree = "<group>"; };
		7DFF6A492185FCDE0018B0E5 /* TodoListViewController.swift */ = {isa = PBXFileReference; lastKnownFileType = sourcecode.swift; path = TodoListViewController.swift; sourceTree = "<group>"; };
		7DFF6A4C2185FCDE0018B0E5 /* Base */ = {isa = PBXFileReference; lastKnownFileType = file.storyboard; name = Base; path = Base.lproj/Main.storyboard; sourceTree = "<group>"; };
		7DFF6A4E2185FCE00018B0E5 /* Assets.xcassets */ = {isa = PBXFileReference; lastKnownFileType = folder.assetcatalog; path = Assets.xcassets; sourceTree = "<group>"; };
		7DFF6A512185FCE00018B0E5 /* Base */ = {isa = PBXFileReference; lastKnownFileType = file.storyboard; name = Base; path = Base.lproj/LaunchScreen.storyboard; sourceTree = "<group>"; };
		7DFF6A532185FCE00018B0E5 /* Info.plist */ = {isa = PBXFileReference; lastKnownFileType = text.plist.xml; path = Info.plist; sourceTree = "<group>"; };
/* End PBXFileReference section */

/* Begin PBXFrameworksBuildPhase section */
		7DFF6A412185FCDE0018B0E5 /* Frameworks */ = {
			isa = PBXFrameworksBuildPhase;
			buildActionMask = 2147483647;
			files = (
			);
			runOnlyForDeploymentPostprocessing = 0;
		};
/* End PBXFrameworksBuildPhase section */

/* Begin PBXGroup section */
		7DFD361E218722590053DE9E /* Model */ = {
			isa = PBXGroup;
			children = (
				7DFD41A02187CD2B00520BF5 /* DataModel.xcdatamodeld */,
			);
			name = Model;
			sourceTree = "<group>";
		};
		7DFD361F218723350053DE9E /* View */ = {
			isa = PBXGroup;
			children = (
				7DFF6A4B2185FCDE0018B0E5 /* Main.storyboard */,
			);
			name = View;
			sourceTree = "<group>";
		};
		7DFD36202187233F0053DE9E /* Controller */ = {
			isa = PBXGroup;
			children = (
				7DFF6A472185FCDE0018B0E5 /* AppDelegate.swift */,
				7DFF6A492185FCDE0018B0E5 /* TodoListViewController.swift */,
				7DFE656E2189C5930020FE08 /* CategoryViewController.swift */,
			);
			name = Controller;
			sourceTree = "<group>";
		};
		7DFD3621218723B70053DE9E /* Supporting File */ = {
			isa = PBXGroup;
			children = (
				7DFF6A502185FCE00018B0E5 /* LaunchScreen.storyboard */,
				7DFF6A4E2185FCE00018B0E5 /* Assets.xcassets */,
				7D0082F42188D9A200FE87AD /* AppIcon29x29@2x.png */,
			);
			name = "Supporting File";
			sourceTree = "<group>";
		};
		7DFF6A3B2185FCDE0018B0E5 = {
			isa = PBXGroup;
			children = (
				7DFF6A462185FCDE0018B0E5 /* ToDoey */,
				7DFF6A452185FCDE0018B0E5 /* Products */,
			);
			sourceTree = "<group>";
		};
		7DFF6A452185FCDE0018B0E5 /* Products */ = {
			isa = PBXGroup;
			children = (
				7DFF6A442185FCDE0018B0E5 /* ToDoey.app */,
			);
			name = Products;
			sourceTree = "<group>";
		};
		7DFF6A462185FCDE0018B0E5 /* ToDoey */ = {
			isa = PBXGroup;
			children = (
				7DFD36202187233F0053DE9E /* Controller */,
				7DFD361E218722590053DE9E /* Model */,
				7DFD361F218723350053DE9E /* View */,
				7DFD3621218723B70053DE9E /* Supporting File */,
				7DFF6A532185FCE00018B0E5 /* Info.plist */,
			);
			path = ToDoey;
			sourceTree = "<group>";
		};
/* End PBXGroup section */

/* Begin PBXNativeTarget section */
		7DFF6A432185FCDE0018B0E5 /* ToDoey */ = {
			isa = PBXNativeTarget;
			buildConfigurationList = 7DFF6A562185FCE00018B0E5 /* Build configuration list for PBXNativeTarget "ToDoey" */;
			buildPhases = (
				7DFF6A402185FCDE0018B0E5 /* Sources */,
				7DFF6A412185FCDE0018B0E5 /* Frameworks */,
				7DFF6A422185FCDE0018B0E5 /* Resources */,
			);
			buildRules = (
			);
			dependencies = (
			);
			name = ToDoey;
			productName = ToDoey;
			productReference = 7DFF6A442185FCDE0018B0E5 /* ToDoey.app */;
			productType = "com.apple.product-type.application";
		};
/* End PBXNativeTarget section */

/* Begin PBXProject section */
		7DFF6A3C2185FCDE0018B0E5 /* Project object */ = {
			isa = PBXProject;
			attributes = {
				LastSwiftUpdateCheck = 1000;
				LastUpgradeCheck = 1000;
				ORGANIZATIONNAME = "mohamed hashem";
				TargetAttributes = {
					7DFF6A432185FCDE0018B0E5 = {
						CreatedOnToolsVersion = 10.0;
					};
				};
			};
			buildConfigurationList = 7DFF6A3F2185FCDE0018B0E5 /* Build configuration list for PBXProject "ToDoey" */;
			compatibilityVersion = "Xcode 9.3";
			developmentRegion = en;
			hasScannedForEncodings = 0;
			knownRegions = (
				en,
				Base,
			);
			mainGroup = 7DFF6A3B2185FCDE0018B0E5;
			productRefGroup = 7DFF6A452185FCDE0018B0E5 /* Products */;
			projectDirPath = "";
			projectRoot = "";
			targets = (
				7DFF6A432185FCDE0018B0E5 /* ToDoey */,
			);
		};
/* End PBXProject section */

/* Begin PBXResourcesBuildPhase section */
		7DFF6A422185FCDE0018B0E5 /* Resources */ = {
			isa = PBXResourcesBuildPhase;
			buildActionMask = 2147483647;
			files = (
				7D0082F52188D9A200FE87AD /* AppIcon29x29@2x.png in Resources */,
				7DFF6A522185FCE00018B0E5 /* LaunchScreen.storyboard in Resources */,
				7DFF6A4F2185FCE00018B0E5 /* Assets.xcassets in Resources */,
				7DFF6A4D2185FCDE0018B0E5 /* Main.storyboard in Resources */,
			);
			runOnlyForDeploymentPostprocessing = 0;
		};
/* End PBXResourcesBuildPhase section */

/* Begin PBXSourcesBuildPhase section */
		7DFF6A402185FCDE0018B0E5 /* Sources */ = {
			isa = PBXSourcesBuildPhase;
			buildActionMask = 2147483647;
			files = (
				7DFE656F2189C5930020FE08 /* CategoryViewController.swift in Sources */,
				7DFF6A4A2185FCDE0018B0E5 /* TodoListViewController.swift in Sources */,
				7DFD41A22187CD2B00520BF5 /* DataModel.xcdatamodeld in Sources */,
				7DFF6A482185FCDE0018B0E5 /* AppDelegate.swift in Sources */,
			);
			runOnlyForDeploymentPostprocessing = 0;
		};
/* End PBXSourcesBuildPhase section */

/* Begin PBXVariantGroup section */
		7DFF6A4B2185FCDE0018B0E5 /* Main.storyboard */ = {
			isa = PBXVariantGroup;
			children = (
				7DFF6A4C2185FCDE0018B0E5 /* Base */,
			);
			name = Main.storyboard;
			sourceTree = "<group>";
		};
		7DFF6A502185FCE00018B0E5 /* LaunchScreen.storyboard */ = {
			isa = PBXVariantGroup;
			children = (
				7DFF6A512185FCE00018B0E5 /* Base */,
			);
			name = LaunchScreen.storyboard;
			sourceTree = "<group>";
		};
/* End PBXVariantGroup section */

/* Begin XCBuildConfiguration section */
		7DFF6A542185FCE00018B0E5 /* Debug */ = {
			isa = XCBuildConfiguration;
			buildSettings = {
				ALWAYS_SEARCH_USER_PATHS = NO;
				CLANG_ANALYZER_NONNULL = YES;
				CLANG_ANALYZER_NUMBER_OBJECT_CONVERSION = YES_AGGRESSIVE;
				CLANG_CXX_LANGUAGE_STANDARD = "gnu++14";
				CLANG_CXX_LIBRARY = "libc++";
				CLANG_ENABLE_MODULES = YES;
				CLANG_ENABLE_OBJC_ARC = YES;
				CLANG_ENABLE_OBJC_WEAK = YES;
				CLANG_WARN_BLOCK_CAPTURE_AUTORELEASING = YES;
				CLANG_WARN_BOOL_CONVERSION = YES;
				CLANG_WARN_COMMA = YES;
				CLANG_WARN_CONSTANT_CONVERSION = YES;
				CLANG_WARN_DEPRECATED_OBJC_IMPLEMENTATIONS = YES;
				CLANG_WARN_DIRECT_OBJC_ISA_USAGE = YES_ERROR;
				CLANG_WARN_DOCUMENTATION_COMMENTS = YES;
				CLANG_WARN_EMPTY_BODY = YES;
				CLANG_WARN_ENUM_CONVERSION = YES;
				CLANG_WARN_INFINITE_RECURSION = YES;
				CLANG_WARN_INT_CONVERSION = YES;
				CLANG_WARN_NON_LITERAL_NULL_CONVERSION = YES;
				CLANG_WARN_OBJC_IMPLICIT_RETAIN_SELF = YES;
				CLANG_WARN_OBJC_LITERAL_CONVERSION = YES;
				CLANG_WARN_OBJC_ROOT_CLASS = YES_ERROR;
				CLANG_WARN_RANGE_LOOP_ANALYSIS = YES;
				CLANG_WARN_STRICT_PROTOTYPES = YES;
				CLANG_WARN_SUSPICIOUS_MOVE = YES;
				CLANG_WARN_UNGUARDED_AVAILABILITY = YES_AGGRESSIVE;
				CLANG_WARN_UNREACHABLE_CODE = YES;
				CLANG_WARN__DUPLICATE_METHOD_MATCH = YES;
				CODE_SIGN_IDENTITY = "iPhone Developer";
				COPY_PHASE_STRIP = NO;
				DEBUG_INFORMATION_FORMAT = dwarf;
				ENABLE_STRICT_OBJC_MSGSEND = YES;
				ENABLE_TESTABILITY = YES;
				GCC_C_LANGUAGE_STANDARD = gnu11;
				GCC_DYNAMIC_NO_PIC = NO;
				GCC_NO_COMMON_BLOCKS = YES;
				GCC_OPTIMIZATION_LEVEL = 0;
				GCC_PREPROCESSOR_DEFINITIONS = (
					"DEBUG=1",
					"$(inherited)",
				);
				GCC_WARN_64_TO_32_BIT_CONVERSION = YES;
				GCC_WARN_ABOUT_RETURN_TYPE = YES_ERROR;
				GCC_WARN_UNDECLARED_SELECTOR = YES;
				GCC_WARN_UNINITIALIZED_AUTOS = YES_AGGRESSIVE;
				GCC_WARN_UNUSED_FUNCTION = YES;
				GCC_WARN_UNUSED_VARIABLE = YES;
				IPHONEOS_DEPLOYMENT_TARGET = 12.0;
				MTL_ENABLE_DEBUG_INFO = INCLUDE_SOURCE;
				MTL_FAST_MATH = YES;
				ONLY_ACTIVE_ARCH = YES;
				SDKROOT = iphoneos;
				SWIFT_ACTIVE_COMPILATION_CONDITIONS = DEBUG;
				SWIFT_OPTIMIZATION_LEVEL = "-Onone";
			};
			name = Debug;
		};
		7DFF6A552185FCE00018B0E5 /* Release */ = {
			isa = XCBuildConfiguration;
			buildSettings = {
				ALWAYS_SEARCH_USER_PATHS = NO;
				CLANG_ANALYZER_NONNULL = YES;
				CLANG_ANALYZER_NUMBER_OBJECT_CONVERSION = YES_AGGRESSIVE;
				CLANG_CXX_LANGUAGE_STANDARD = "gnu++14";
				CLANG_CXX_LIBRARY = "libc++";
				CLANG_ENABLE_MODULES = YES;
				CLANG_ENABLE_OBJC_ARC = YES;
				CLANG_ENABLE_OBJC_WEAK = YES;
				CLANG_WARN_BLOCK_CAPTURE_AUTORELEASING = YES;
				CLANG_WARN_BOOL_CONVERSION = YES;
				CLANG_WARN_COMMA = YES;
				CLANG_WARN_CONSTANT_CONVERSION = YES;
				CLANG_WARN_DEPRECATED_OBJC_IMPLEMENTATIONS = YES;
				CLANG_WARN_DIRECT_OBJC_ISA_USAGE = YES_ERROR;
				CLANG_WARN_DOCUMENTATION_COMMENTS = YES;
				CLANG_WARN_EMPTY_BODY = YES;
				CLANG_WARN_ENUM_CONVERSION = YES;
				CLANG_WARN_INFINITE_RECURSION = YES;
				CLANG_WARN_INT_CONVERSION = YES;
				CLANG_WARN_NON_LITERAL_NULL_CONVERSION = YES;
				CLANG_WARN_OBJC_IMPLICIT_RETAIN_SELF = YES;
				CLANG_WARN_OBJC_LITERAL_CONVERSION = YES;
				CLANG_WARN_OBJC_ROOT_CLASS = YES_ERROR;
				CLANG_WARN_RANGE_LOOP_ANALYSIS = YES;
				CLANG_WARN_STRICT_PROTOTYPES = YES;
				CLANG_WARN_SUSPICIOUS_MOVE = YES;
				CLANG_WARN_UNGUARDED_AVAILABILITY = YES_AGGRESSIVE;
				CLANG_WARN_UNREACHABLE_CODE = YES;
				CLANG_WARN__DUPLICATE_METHOD_MATCH = YES;
				CODE_SIGN_IDENTITY = "iPhone Developer";
				COPY_PHASE_STRIP = NO;
				DEBUG_INFORMATION_FORMAT = "dwarf-with-dsym";
				ENABLE_NS_ASSERTIONS = NO;
				ENABLE_STRICT_OBJC_MSGSEND = YES;
				GCC_C_LANGUAGE_STANDARD = gnu11;
				GCC_NO_COMMON_BLOCKS = YES;
				GCC_WARN_64_TO_32_BIT_CONVERSION = YES;
				GCC_WARN_ABOUT_RETURN_TYPE = YES_ERROR;
				GCC_WARN_UNDECLARED_SELECTOR = YES;
				GCC_WARN_UNINITIALIZED_AUTOS = YES_AGGRESSIVE;
				GCC_WARN_UNUSED_FUNCTION = YES;
				GCC_WARN_UNUSED_VARIABLE = YES;
				IPHONEOS_DEPLOYMENT_TARGET = 12.0;
				MTL_ENABLE_DEBUG_INFO = NO;
				MTL_FAST_MATH = YES;
				SDKROOT = iphoneos;
				SWIFT_COMPILATION_MODE = wholemodule;
				SWIFT_OPTIMIZATION_LEVEL = "-O";
				VALIDATE_PRODUCT = YES;
			};
			name = Release;
		};
		7DFF6A572185FCE00018B0E5 /* Debug */ = {
			isa = XCBuildConfiguration;
			buildSettings = {
				ASSETCATALOG_COMPILER_APPICON_NAME = AppIcon;
				CODE_SIGN_STYLE = Automatic;
				DEVELOPMENT_TEAM = JNP78QVJKX;
				INFOPLIST_FILE = ToDoey/Info.plist;
				LD_RUNPATH_SEARCH_PATHS = (
					"$(inherited)",
					"@executable_path/Frameworks",
				);
				PRODUCT_BUNDLE_IDENTIFIER = MH.ToDoeyNot;
				PRODUCT_NAME = "$(TARGET_NAME)";
				SWIFT_VERSION = 4.2;
				TARGETED_DEVICE_FAMILY = "1,2";
			};
			name = Debug;
		};
		7DFF6A582185FCE00018B0E5 /* Release */ = {
			isa = XCBuildConfiguration;
			buildSettings = {
				ASSETCATALOG_COMPILER_APPICON_NAME = AppIcon;
				CODE_SIGN_STYLE = Automatic;
				DEVELOPMENT_TEAM = JNP78QVJKX;
				INFOPLIST_FILE = ToDoey/Info.plist;
				LD_RUNPATH_SEARCH_PATHS = (
					"$(inherited)",
					"@executable_path/Frameworks",
				);
				PRODUCT_BUNDLE_IDENTIFIER = MH.ToDoeyNot;
				PRODUCT_NAME = "$(TARGET_NAME)";
				SWIFT_VERSION = 4.2;
				TARGETED_DEVICE_FAMILY = "1,2";
			};
			name = Release;
		};
/* End XCBuildConfiguration section */

/* Begin XCConfigurationList section */
		7DFF6A3F2185FCDE0018B0E5 /* Build configuration list for PBXProject "ToDoey" */ = {
			isa = XCConfigurationList;
			buildConfigurations = (
				7DFF6A542185FCE00018B0E5 /* Debug */,
				7DFF6A552185FCE00018B0E5 /* Release */,
			);
			defaultConfigurationIsVisible = 0;
			defaultConfigurationName = Release;
		};
		7DFF6A562185FCE00018B0E5 /* Build configuration list for PBXNativeTarget "ToDoey" */ = {
			isa = XCConfigurationList;
			buildConfigurations = (
				7DFF6A572185FCE00018B0E5 /* Debug */,
				7DFF6A582185FCE00018B0E5 /* Release */,
			);
			defaultConfigurationIsVisible = 0;
			defaultConfigurationName = Release;
		};
/* End XCConfigurationList section */

/* Begin XCVersionGroup section */
		7DFD41A02187CD2B00520BF5 /* DataModel.xcdatamodeld */ = {
			isa = XCVersionGroup;
			children = (
				7DFD41A12187CD2B00520BF5 /* DataModel.xcdatamodel */,
			);
			currentVersion = 7DFD41A12187CD2B00520BF5 /* DataModel.xcdatamodel */;
			path = DataModel.xcdatamodeld;
			sourceTree = "<group>";
			versionGroupType = wrapper.xcdatamodel;
		};
/* End XCVersionGroup section */
	};
	rootObject = 7DFF6A3C2185FCDE0018B0E5 /* Project object */;
}
